
Microsoft Visual Studio Solution File, Format Version 12.00
# Visual Studio Version 17
VisualStudioVersion = 17.10.34916.146
MinimumVisualStudioVersion = 10.0.40219.1
Project("{9A19103F-16F7-4668-BE54-9A1E7A4F7556}") = "Consul.Extensions.ContainerInspector", "Consul.Extensions.ContainerInspector\Consul.Extensions.ContainerInspector.csproj", "{5EE9EF02-1774-40AD-88BC-5824D0E866CF}"
EndProject
Project("{9A19103F-16F7-4668-BE54-9A1E7A4F7556}") = "Consul.Extensions.ContainerInspector.Core", "Consul.Extensions.ContainerInspector.Core\Consul.Extensions.ContainerInspector.Core.csproj", "{BFB7C1BC-D6DA-4EB8-985A-BA6421FD4A48}"
EndProject
Global
	GlobalSection(SolutionConfigurationPlatforms) = preSolution
		Debug|Any CPU = Debug|Any CPU
		Release|Any CPU = Release|Any CPU
	EndGlobalSection
	GlobalSection(ProjectConfigurationPlatforms) = postSolution
		{5EE9EF02-1774-40AD-88BC-5824D0E866CF}.Debug|Any CPU.ActiveCfg = Debug|Any CPU
		{5EE9EF02-1774-40AD-88BC-5824D0E866CF}.Debug|Any CPU.Build.0 = Debug|Any CPU
		{5EE9EF02-1774-40AD-88BC-5824D0E866CF}.Release|Any CPU.ActiveCfg = Release|Any CPU
		{5EE9EF02-1774-40AD-88BC-5824D0E866CF}.Release|Any CPU.Build.0 = Release|Any CPU
		{BFB7C1BC-D6DA-4EB8-985A-BA6421FD4A48}.Debug|Any CPU.ActiveCfg = Debug|Any CPU
		{BFB7C1BC-D6DA-4EB8-985A-BA6421FD4A48}.Debug|Any CPU.Build.0 = Debug|Any CPU
		{BFB7C1BC-D6DA-4EB8-985A-BA6421FD4A48}.Release|Any CPU.ActiveCfg = Release|Any CPU
		{BFB7C1BC-D6DA-4EB8-985A-BA6421FD4A48}.Release|Any CPU.Build.0 = Release|Any CPU
	EndGlobalSection
	GlobalSection(SolutionProperties) = preSolution
		HideSolutionNode = FALSE
	EndGlobalSection
	GlobalSection(ExtensibilityGlobals) = postSolution
		SolutionGuid = {E5B1C2BC-C0B5-41D6-B1F8-2FD342A7F135}
	EndGlobalSection
EndGlobal
